
Microsoft Visual Studio Solution File, Format Version 12.00
# Visual Studio 15
VisualStudioVersion = 15.0.28307.645
MinimumVisualStudioVersion = 10.0.40219.1
Project("{FAE04EC0-301F-11D3-BF4B-00C04F79EFBC}") = "OpenExcel", "OpenExcel\OpenExcel.csproj", "{DB88234D-FA58-427E-8A87-DCB0E7FF515A}"
EndProject
Global
	GlobalSection(SolutionConfigurationPlatforms) = preSolution
		Debug|Any CPU = Debug|Any CPU
		Release|Any CPU = Release|Any CPU
	EndGlobalSection
	GlobalSection(ProjectConfigurationPlatforms) = postSolution
		{DB88234D-FA58-427E-8A87-DCB0E7FF515A}.Debug|Any CPU.ActiveCfg = Debug|Any CPU
		{DB88234D-FA58-427E-8A87-DCB0E7FF515A}.Debug|Any CPU.Build.0 = Debug|Any CPU
		{DB88234D-FA58-427E-8A87-DCB0E7FF515A}.Release|Any CPU.ActiveCfg = Release|Any CPU
		{DB88234D-FA58-427E-8A87-DCB0E7FF515A}.Release|Any CPU.Build.0 = Release|Any CPU
	EndGlobalSection
	GlobalSection(SolutionProperties) = preSolution
		HideSolutionNode = FALSE
	EndGlobalSection
	GlobalSection(ExtensibilityGlobals) = postSolution
		SolutionGuid = {F73F7EB8-7B15-4C3C-97CE-DAF6AD6E33FF}
	EndGlobalSection
EndGlobal
